
Microsoft Visual Studio Solution File, Format Version 12.00
# Visual Studio Version 17
VisualStudioVersion = 17.8.34330.188
MinimumVisualStudioVersion = 10.0.40219.1
Project("{888888A0-9F3D-457C-B088-3A5042F75D52}") = "Deckof Cards", "Deckof Cards.pyproj", "{36FC1B69-661F-4B55-AC26-5D973F0286CA}"
EndProject
Global
	GlobalSection(SolutionConfigurationPlatforms) = preSolution
		Debug|Any CPU = Debug|Any CPU
		Release|Any CPU = Release|Any CPU
	EndGlobalSection
	GlobalSection(ProjectConfigurationPlatforms) = postSolution
		{36FC1B69-661F-4B55-AC26-5D973F0286CA}.Debug|Any CPU.ActiveCfg = Debug|Any CPU
		{36FC1B69-661F-4B55-AC26-5D973F0286CA}.Release|Any CPU.ActiveCfg = Release|Any CPU
	EndGlobalSection
	GlobalSection(SolutionProperties) = preSolution
		HideSolutionNode = FALSE
	EndGlobalSection
	GlobalSection(ExtensibilityGlobals) = postSolution
		SolutionGuid = {5F195A20-D3CE-4F7C-AA2C-AE610A1BB48B}
	EndGlobalSection
EndGlobal
